
Microsoft Visual Studio Solution File, Format Version 12.00
# Visual Studio Version 16
VisualStudioVersion = 16.0.31515.178
MinimumVisualStudioVersion = 10.0.40219.1
Project("{FAE04EC0-301F-11D3-BF4B-00C04F79EFBC}") = "E. Propuesto 7", "E. Propuesto 7\E. Propuesto 7.csproj", "{FC13E5EE-B90C-410B-9E8F-A420B5D075DE}"
EndProject
Global
	GlobalSection(SolutionConfigurationPlatforms) = preSolution
		Debug|Any CPU = Debug|Any CPU
		Release|Any CPU = Release|Any CPU
	EndGlobalSection
	GlobalSection(ProjectConfigurationPlatforms) = postSolution
		{FC13E5EE-B90C-410B-9E8F-A420B5D075DE}.Debug|Any CPU.ActiveCfg = Debug|Any CPU
		{FC13E5EE-B90C-410B-9E8F-A420B5D075DE}.Debug|Any CPU.Build.0 = Debug|Any CPU
		{FC13E5EE-B90C-410B-9E8F-A420B5D075DE}.Release|Any CPU.ActiveCfg = Release|Any CPU
		{FC13E5EE-B90C-410B-9E8F-A420B5D075DE}.Release|Any CPU.Build.0 = Release|Any CPU
	EndGlobalSection
	GlobalSection(SolutionProperties) = preSolution
		HideSolutionNode = FALSE
	EndGlobalSection
	GlobalSection(ExtensibilityGlobals) = postSolution
		SolutionGuid = {F74946A8-5FD7-44DA-8FBA-A9A06AE5500E}
	EndGlobalSection
EndGlobal
